// !$*UTF8*$!
{
	archiveVersion = 1;
	classes = {
	};
	objectVersion = 46;
	objects = {

/* Begin PBXBuildFile section */
		841B67371D3E35ED00BECADF /* 101001200002.optparam in Resources */ = {isa = PBXBuildFile; fileRef = 841B67341D3E35ED00BECADF /* 101001200002.optparam */; };
		841B67381D3E35ED00BECADF /* 101001200002.wifilist in Resources */ = {isa = PBXBuildFile; fileRef = 841B67351D3E35ED00BECADF /* 101001200002.wifilist */; };
		841B67391D3E35ED00BECADF /* 101001200002.wp in Resources */ = {isa = PBXBuildFile; fileRef = 841B67361D3E35ED00BECADF /* 101001200002.wp */; };
		841B673F1D3E374D00BECADF /* LocationController.m in Sources */ = {isa = PBXBuildFile; fileRef = 841B673E1D3E374D00BECADF /* LocationController.m */; };
		841B674C1D3E3EFE00BECADF /* libNexdTechLocationEngine.a in Frameworks */ = {isa = PBXBuildFile; fileRef = 841B674B1D3E3EFE00BECADF /* libNexdTechLocationEngine.a */; };
		8478D49A1CC0C103005AB2C7 /* main.m in Sources */ = {isa = PBXBuildFile; fileRef = 8478D4991CC0C103005AB2C7 /* main.m */; };
		8478D49D1CC0C103005AB2C7 /* AppDelegate.m in Sources */ = {isa = PBXBuildFile; fileRef = 8478D49C1CC0C103005AB2C7 /* AppDelegate.m */; };
		8478D4A01CC0C103005AB2C7 /* ViewController.m in Sources */ = {isa = PBXBuildFile; fileRef = 8478D49F1CC0C103005AB2C7 /* ViewController.m */; };
		8478D4A31CC0C103005AB2C7 /* Main.storyboard in Resources */ = {isa = PBXBuildFile; fileRef = 8478D4A11CC0C103005AB2C7 /* Main.storyboard */; };
		8478D4A51CC0C103005AB2C7 /* Assets.xcassets in Resources */ = {isa = PBXBuildFile; fileRef = 8478D4A41CC0C103005AB2C7 /* Assets.xcassets */; };
		8478D4B31CC0C103005AB2C7 /* Demo_LocationTestTests.m in Sources */ = {isa = PBXBuildFile; fileRef = 8478D4B21CC0C103005AB2C7 /* Demo_LocationTestTests.m */; };
		8478D4BE1CC0C103005AB2C7 /* Demo_LocationTestUITests.m in Sources */ = {isa = PBXBuildFile; fileRef = 8478D4BD1CC0C103005AB2C7 /* Demo_LocationTestUITests.m */; };
		8478D4CD1CC0C143005AB2C7 /* SVGKit.framework in Frameworks */ = {isa = PBXBuildFile; fileRef = 8478D4CB1CC0C143005AB2C7 /* SVGKit.framework */; };
		8478D4CE1CC0C143005AB2C7 /* SVGKit.framework in Embed Frameworks */ = {isa = PBXBuildFile; fileRef = 8478D4CB1CC0C143005AB2C7 /* SVGKit.framework */; settings = {ATTRIBUTES = (CodeSignOnCopy, RemoveHeadersOnCopy, ); }; };
		8478D4CF1CC0C143005AB2C7 /* CocoaLumberjack.framework in Frameworks */ = {isa = PBXBuildFile; fileRef = 8478D4CC1CC0C143005AB2C7 /* CocoaLumberjack.framework */; };
		8478D4D01CC0C143005AB2C7 /* CocoaLumberjack.framework in Embed Frameworks */ = {isa = PBXBuildFile; fileRef = 8478D4CC1CC0C143005AB2C7 /* CocoaLumberjack.framework */; settings = {ATTRIBUTES = (CodeSignOnCopy, RemoveHeadersOnCopy, ); }; };
		8478D4D41CC0C162005AB2C7 /* CoreGraphics.framework in Frameworks */ = {isa = PBXBuildFile; fileRef = 8478D4D31CC0C162005AB2C7 /* CoreGraphics.framework */; };
		8478D4D61CC0C169005AB2C7 /* CoreText.framework in Frameworks */ = {isa = PBXBuildFile; fileRef = 8478D4D51CC0C169005AB2C7 /* CoreText.framework */; };
		8478D4D81CC0C16F005AB2C7 /* UIKit.framework in Frameworks */ = {isa = PBXBuildFile; fileRef = 8478D4D71CC0C16F005AB2C7 /* UIKit.framework */; };
		8478D4DA1CC0C177005AB2C7 /* QuartzCore.framework in Frameworks */ = {isa = PBXBuildFile; fileRef = 8478D4D91CC0C177005AB2C7 /* QuartzCore.framework */; };
		8478D4DC1CC0C17C005AB2C7 /* libxml2.tbd in Frameworks */ = {isa = PBXBuildFile; fileRef = 8478D4DB1CC0C17C005AB2C7 /* libxml2.tbd */; };
		8478D4DE1CC0C19D005AB2C7 /* CoreImage.framework in Frameworks */ = {isa = PBXBuildFile; fileRef = 8478D4DD1CC0C19D005AB2C7 /* CoreImage.framework */; };
		8478D4E51CC0C7E7005AB2C7 /* MapTestViewController.m in Sources */ = {isa = PBXBuildFile; fileRef = 8478D4E41CC0C7E7005AB2C7 /* MapTestViewController.m */; };
		8478D4E81CC0C9B3005AB2C7 /* PositionTestViewController.m in Sources */ = {isa = PBXBuildFile; fileRef = 8478D4E71CC0C9B3005AB2C7 /* PositionTestViewController.m */; };
		8478D4EB1CC0CA66005AB2C7 /* BluetoothTestViewController.m in Sources */ = {isa = PBXBuildFile; fileRef = 8478D4EA1CC0CA66005AB2C7 /* BluetoothTestViewController.m */; };
		8478D4ED1CC0CC5E005AB2C7 /* testMap.svg in Resources */ = {isa = PBXBuildFile; fileRef = 8478D4EC1CC0CC5E005AB2C7 /* testMap.svg */; };
		8478D4EF1CD1CA74005AB2C7 /* logo_icon.png in Resources */ = {isa = PBXBuildFile; fileRef = 8478D4EE1CD1CA74005AB2C7 /* logo_icon.png */; };
		84A1901A1CD1EB8200E3F8D8 /* LaunchScreen.storyboard in Resources */ = {isa = PBXBuildFile; fileRef = 84A190191CD1EB8200E3F8D8 /* LaunchScreen.storyboard */; };
		84A1901C1CD1EEEC00E3F8D8 /* logo_title.png in Resources */ = {isa = PBXBuildFile; fileRef = 84A1901B1CD1EEEC00E3F8D8 /* logo_title.png */; };
		84A1901E1CD1FD3200E3F8D8 /* backgroundImage.png in Resources */ = {isa = PBXBuildFile; fileRef = 84A1901D1CD1FD3200E3F8D8 /* backgroundImage.png */; };
		84A190201CD202ED00E3F8D8 /* backgroundImage_edited.jpg in Resources */ = {isa = PBXBuildFile; fileRef = 84A1901F1CD202ED00E3F8D8 /* backgroundImage_edited.jpg */; };
/* End PBXBuildFile section */

/* Begin PBXContainerItemProxy section */
		8478D4AF1CC0C103005AB2C7 /* PBXContainerItemProxy */ = {
			isa = PBXContainerItemProxy;
			containerPortal = 8478D48D1CC0C103005AB2C7 /* Project object */;
			proxyType = 1;
			remoteGlobalIDString = 8478D4941CC0C103005AB2C7;
			remoteInfo = Demo.LocationTest;
		};
		8478D4BA1CC0C103005AB2C7 /* PBXContainerItemProxy */ = {
			isa = PBXContainerItemProxy;
			containerPortal = 8478D48D1CC0C103005AB2C7 /* Project object */;
			proxyType = 1;
			remoteGlobalIDString = 8478D4941CC0C103005AB2C7;
			remoteInfo = Demo.LocationTest;
		};
/* End PBXContainerItemProxy section */

/* Begin PBXCopyFilesBuildPhase section */
		8478D4D11CC0C143005AB2C7 /* Embed Frameworks */ = {
			isa = PBXCopyFilesBuildPhase;
			buildActionMask = 2147483647;
			dstPath = "";
			dstSubfolderSpec = 7;
			files = (
				8478D4D01CC0C143005AB2C7 /* CocoaLumberjack.framework in Embed Frameworks */,
				8478D4CE1CC0C143005AB2C7 /* SVGKit.framework in Embed Frameworks */,
			);
			name = "Embed Frameworks";
			runOnlyForDeploymentPostprocessing = 0;
		};
/* End PBXCopyFilesBuildPhase section */

/* Begin PBXFileReference section */
		841B67341D3E35ED00BECADF /* 101001200002.optparam */ = {isa = PBXFileReference; fileEncoding = 4; lastKnownFileType = text; name = 101001200002.optparam; path = ../../../LocationEngineLibrary/CompiledLocationEngineTest/CompiledLocationEngineTest/101001200002.optparam; sourceTree = "<group>"; };
		841B67351D3E35ED00BECADF /* 101001200002.wifilist */ = {isa = PBXFileReference; fileEncoding = 4; lastKnownFileType = text; name = 101001200002.wifilist; path = ../../../LocationEngineLibrary/CompiledLocationEngineTest/CompiledLocationEngineTest/101001200002.wifilist; sourceTree = "<group>"; };
		841B67361D3E35ED00BECADF /* 101001200002.wp */ = {isa = PBXFileReference; fileEncoding = 4; lastKnownFileType = text; name = 101001200002.wp; path = ../../../LocationEngineLibrary/CompiledLocationEngineTest/CompiledLocationEngineTest/101001200002.wp; sourceTree = "<group>"; };
		841B673C1D3E363800BECADF /* locate_code_base.h */ = {isa = PBXFileReference; fileEncoding = 4; lastKnownFileType = sourcecode.c.h; name = locate_code_base.h; path = ../../../LocationEngineLibrary/CompiledLocationEngineTest/CompiledLocationEngineTest/locate_code_base.h; sourceTree = "<group>"; };
		841B673E1D3E374D00BECADF /* LocationController.m */ = {isa = PBXFileReference; fileEncoding = 4; lastKnownFileType = sourcecode.c.objc; path = LocationController.m; sourceTree = "<group>"; };
		841B67401D3E375F00BECADF /* LocationController.h */ = {isa = PBXFileReference; lastKnownFileType = sourcecode.c.h; path = LocationController.h; sourceTree = "<group>"; };
		841B674B1D3E3EFE00BECADF /* libNexdTechLocationEngine.a */ = {isa = PBXFileReference; lastKnownFileType = archive.ar; name = libNexdTechLocationEngine.a; path = ../../LocationEngineLibrary/CompiledLocationEngineTest/libNexdTechLocationEngine.a; sourceTree = "<group>"; };
		8478D4951CC0C103005AB2C7 /* Demo.LocationTest.app */ = {isa = PBXFileReference; explicitFileType = wrapper.application; includeInIndex = 0; path = Demo.LocationTest.app; sourceTree = BUILT_PRODUCTS_DIR; };
		8478D4991CC0C103005AB2C7 /* main.m */ = {isa = PBXFileReference; lastKnownFileType = sourcecode.c.objc; path = main.m; sourceTree = "<group>"; };
		8478D49B1CC0C103005AB2C7 /* AppDelegate.h */ = {isa = PBXFileReference; lastKnownFileType = sourcecode.c.h; path = AppDelegate.h; sourceTree = "<group>"; };
		8478D49C1CC0C103005AB2C7 /* AppDelegate.m */ = {isa = PBXFileReference; lastKnownFileType = sourcecode.c.objc; path = AppDelegate.m; sourceTree = "<group>"; };
		8478D49E1CC0C103005AB2C7 /* ViewController.h */ = {isa = PBXFileReference; lastKnownFileType = sourcecode.c.h; path = ViewController.h; sourceTree = "<group>"; };
		8478D49F1CC0C103005AB2C7 /* ViewController.m */ = {isa = PBXFileReference; lastKnownFileType = sourcecode.c.objc; path = ViewController.m; sourceTree = "<group>"; };
		8478D4A21CC0C103005AB2C7 /* Base */ = {isa = PBXFileReference; lastKnownFileType = file.storyboard; name = Base; path = Base.lproj/Main.storyboard; sourceTree = "<group>"; };
		8478D4A41CC0C103005AB2C7 /* Assets.xcassets */ = {isa = PBXFileReference; lastKnownFileType = folder.assetcatalog; path = Assets.xcassets; sourceTree = "<group>"; };
		8478D4A91CC0C103005AB2C7 /* Info.plist */ = {isa = PBXFileReference; lastKnownFileType = text.plist.xml; path = Info.plist; sourceTree = "<group>"; };
		8478D4AE1CC0C103005AB2C7 /* Demo.LocationTestTests.xctest */ = {isa = PBXFileReference; explicitFileType = wrapper.cfbundle; includeInIndex = 0; path = Demo.LocationTestTests.xctest; sourceTree = BUILT_PRODUCTS_DIR; };
		8478D4B21CC0C103005AB2C7 /* Demo_LocationTestTests.m */ = {isa = PBXFileReference; lastKnownFileType = sourcecode.c.objc; path = Demo_LocationTestTests.m; sourceTree = "<group>"; };
		8478D4B41CC0C103005AB2C7 /* Info.plist */ = {isa = PBXFileReference; lastKnownFileType = text.plist.xml; path = Info.plist; sourceTree = "<group>"; };
		8478D4B91CC0C103005AB2C7 /* Demo.LocationTestUITests.xctest */ = {isa = PBXFileReference; explicitFileType = wrapper.cfbundle; includeInIndex = 0; path = Demo.LocationTestUITests.xctest; sourceTree = BUILT_PRODUCTS_DIR; };
		8478D4BD1CC0C103005AB2C7 /* Demo_LocationTestUITests.m */ = {isa = PBXFileReference; lastKnownFileType = sourcecode.c.objc; path = Demo_LocationTestUITests.m; sourceTree = "<group>"; };
		8478D4BF1CC0C103005AB2C7 /* Info.plist */ = {isa = PBXFileReference; lastKnownFileType = text.plist.xml; path = Info.plist; sourceTree = "<group>"; };
		8478D4CB1CC0C143005AB2C7 /* SVGKit.framework */ = {isa = PBXFileReference; lastKnownFileType = wrapper.framework; path = SVGKit.framework; sourceTree = "<group>"; };
		8478D4CC1CC0C143005AB2C7 /* CocoaLumberjack.framework */ = {isa = PBXFileReference; lastKnownFileType = wrapper.framework; path = CocoaLumberjack.framework; sourceTree = "<group>"; };
		8478D4D31CC0C162005AB2C7 /* CoreGraphics.framework */ = {isa = PBXFileReference; lastKnownFileType = wrapper.framework; name = CoreGraphics.framework; path = System/Library/Frameworks/CoreGraphics.framework; sourceTree = SDKROOT; };
		8478D4D51CC0C169005AB2C7 /* CoreText.framework */ = {isa = PBXFileReference; lastKnownFileType = wrapper.framework; name = CoreText.framework; path = System/Library/Frameworks/CoreText.framework; sourceTree = SDKROOT; };
		8478D4D71CC0C16F005AB2C7 /* UIKit.framework */ = {isa = PBXFileReference; lastKnownFileType = wrapper.framework; name = UIKit.framework; path = System/Library/Frameworks/UIKit.framework; sourceTree = SDKROOT; };
		8478D4D91CC0C177005AB2C7 /* QuartzCore.framework */ = {isa = PBXFileReference; lastKnownFileType = wrapper.framework; name = QuartzCore.framework; path = System/Library/Frameworks/QuartzCore.framework; sourceTree = SDKROOT; };
		8478D4DB1CC0C17C005AB2C7 /* libxml2.tbd */ = {isa = PBXFileReference; lastKnownFileType = "sourcecode.text-based-dylib-definition"; name = libxml2.tbd; path = usr/lib/libxml2.tbd; sourceTree = SDKROOT; };
		8478D4DD1CC0C19D005AB2C7 /* CoreImage.framework */ = {isa = PBXFileReference; lastKnownFileType = wrapper.framework; name = CoreImage.framework; path = System/Library/Frameworks/CoreImage.framework; sourceTree = SDKROOT; };
		8478D4E31CC0C7E7005AB2C7 /* MapTestViewController.h */ = {isa = PBXFileReference; fileEncoding = 4; lastKnownFileType = sourcecode.c.h; path = MapTestViewController.h; sourceTree = "<group>"; };
		8478D4E41CC0C7E7005AB2C7 /* MapTestViewController.m */ = {isa = PBXFileReference; fileEncoding = 4; lastKnownFileType = sourcecode.c.objc; path = MapTestViewController.m; sourceTree = "<group>"; };
		8478D4E61CC0C9B3005AB2C7 /* PositionTestViewController.h */ = {isa = PBXFileReference; fileEncoding = 4; lastKnownFileType = sourcecode.c.h; path = PositionTestViewController.h; sourceTree = "<group>"; };
		8478D4E71CC0C9B3005AB2C7 /* PositionTestViewController.m */ = {isa = PBXFileReference; fileEncoding = 4; lastKnownFileType = sourcecode.c.objc; path = PositionTestViewController.m; sourceTree = "<group>"; };
		8478D4E91CC0CA66005AB2C7 /* BluetoothTestViewController.h */ = {isa = PBXFileReference; fileEncoding = 4; lastKnownFileType = sourcecode.c.h; path = BluetoothTestViewController.h; sourceTree = "<group>"; };
		8478D4EA1CC0CA66005AB2C7 /* BluetoothTestViewController.m */ = {isa = PBXFileReference; fileEncoding = 4; lastKnownFileType = sourcecode.c.objc; path = BluetoothTestViewController.m; sourceTree = "<group>"; };
		8478D4EC1CC0CC5E005AB2C7 /* testMap.svg */ = {isa = PBXFileReference; fileEncoding = 4; lastKnownFileType = text.xml; name = testMap.svg; path = ../../../IOS_Demo_OpenSource_IndoorMap/testMap.svg; sourceTree = "<group>"; };
		8478D4EE1CD1CA74005AB2C7 /* logo_icon.png */ = {isa = PBXFileReference; lastKnownFileType = image.png; name = logo_icon.png; path = ../../../../../../../Desktop/logo_icon.png; sourceTree = "<group>"; };
		84A190191CD1EB8200E3F8D8 /* LaunchScreen.storyboard */ = {isa = PBXFileReference; fileEncoding = 4; lastKnownFileType = file.storyboard; path = LaunchScreen.storyboard; sourceTree = "<group>"; };
		84A1901B1CD1EEEC00E3F8D8 /* logo_title.png */ = {isa = PBXFileReference; lastKnownFileType = image.png; name = logo_title.png; path = ../../../../../../../Desktop/logo_title.png; sourceTree = "<group>"; };
		84A1901D1CD1FD3200E3F8D8 /* backgroundImage.png */ = {isa = PBXFileReference; lastKnownFileType = image.png; name = backgroundImage.png; path = ../../../../../../../Desktop/backgroundImage.png; sourceTree = "<group>"; };
		84A1901F1CD202ED00E3F8D8 /* backgroundImage_edited.jpg */ = {isa = PBXFileReference; lastKnownFileType = image.jpeg; name = backgroundImage_edited.jpg; path = ../../../../../../../Desktop/backgroundImage_edited.jpg; sourceTree = "<group>"; };
/* End PBXFileReference section */

/* Begin PBXFrameworksBuildPhase section */
		8478D4921CC0C103005AB2C7 /* Frameworks */ = {
			isa = PBXFrameworksBuildPhase;
			buildActionMask = 2147483647;
			files = (
				8478D4DE1CC0C19D005AB2C7 /* CoreImage.framework in Frameworks */,
				8478D4DC1CC0C17C005AB2C7 /* libxml2.tbd in Frameworks */,
				8478D4DA1CC0C177005AB2C7 /* QuartzCore.framework in Frameworks */,
				8478D4D81CC0C16F005AB2C7 /* UIKit.framework in Frameworks */,
				8478D4D61CC0C169005AB2C7 /* CoreText.framework in Frameworks */,
				8478D4D41CC0C162005AB2C7 /* CoreGraphics.framework in Frameworks */,
				8478D4CF1CC0C143005AB2C7 /* CocoaLumberjack.framework in Frameworks */,
				8478D4CD1CC0C143005AB2C7 /* SVGKit.framework in Frameworks */,
				841B674C1D3E3EFE00BECADF /* libNexdTechLocationEngine.a in Frameworks */,
			);
			runOnlyForDeploymentPostprocessing = 0;
		};
		8478D4AB1CC0C103005AB2C7 /* Frameworks */ = {
			isa = PBXFrameworksBuildPhase;
			buildActionMask = 2147483647;
			files = (
			);
			runOnlyForDeploymentPostprocessing = 0;
		};
		8478D4B61CC0C103005AB2C7 /* Frameworks */ = {
			isa = PBXFrameworksBuildPhase;
			buildActionMask = 2147483647;
			files = (
			);
			runOnlyForDeploymentPostprocessing = 0;
		};
/* End PBXFrameworksBuildPhase section */

/* Begin PBXGroup section */
		841B673D1D3E372900BECADF /* Core */ = {
			isa = PBXGroup;
			children = (
				841B673E1D3E374D00BECADF /* LocationController.m */,
				841B67401D3E375F00BECADF /* LocationController.h */,
			);
			name = Core;
			sourceTree = "<group>";
		};
		8478D48C1CC0C103005AB2C7 = {
			isa = PBXGroup;
			children = (
				8478D4D21CC0C14B005AB2C7 /* FrameWork */,
				8478D4971CC0C103005AB2C7 /* Demo.LocationTest */,
				8478D4B11CC0C103005AB2C7 /* Demo.LocationTestTests */,
				8478D4BC1CC0C103005AB2C7 /* Demo.LocationTestUITests */,
				8478D4961CC0C103005AB2C7 /* Products */,
			);
			sourceTree = "<group>";
		};
		8478D4961CC0C103005AB2C7 /* Products */ = {
			isa = PBXGroup;
			children = (
				8478D4951CC0C103005AB2C7 /* Demo.LocationTest.app */,
				8478D4AE1CC0C103005AB2C7 /* Demo.LocationTestTests.xctest */,
				8478D4B91CC0C103005AB2C7 /* Demo.LocationTestUITests.xctest */,
			);
			name = Products;
			sourceTree = "<group>";
		};
		8478D4971CC0C103005AB2C7 /* Demo.LocationTest */ = {
			isa = PBXGroup;
			children = (
				841B673D1D3E372900BECADF /* Core */,
				8478D4E31CC0C7E7005AB2C7 /* MapTestViewController.h */,
				8478D4E41CC0C7E7005AB2C7 /* MapTestViewController.m */,
				8478D4E61CC0C9B3005AB2C7 /* PositionTestViewController.h */,
				8478D4E71CC0C9B3005AB2C7 /* PositionTestViewController.m */,
				8478D4E91CC0CA66005AB2C7 /* BluetoothTestViewController.h */,
				8478D4EA1CC0CA66005AB2C7 /* BluetoothTestViewController.m */,
				8478D49B1CC0C103005AB2C7 /* AppDelegate.h */,
				8478D49C1CC0C103005AB2C7 /* AppDelegate.m */,
				8478D49E1CC0C103005AB2C7 /* ViewController.h */,
				8478D49F1CC0C103005AB2C7 /* ViewController.m */,
				8478D4A11CC0C103005AB2C7 /* Main.storyboard */,
				84A190191CD1EB8200E3F8D8 /* LaunchScreen.storyboard */,
				8478D4A41CC0C103005AB2C7 /* Assets.xcassets */,
				8478D4A91CC0C103005AB2C7 /* Info.plist */,
				8478D4981CC0C103005AB2C7 /* Supporting Files */,
			);
			path = Demo.LocationTest;
			sourceTree = "<group>";
		};
		8478D4981CC0C103005AB2C7 /* Supporting Files */ = {
			isa = PBXGroup;
			children = (
				841B673C1D3E363800BECADF /* locate_code_base.h */,
				841B67341D3E35ED00BECADF /* 101001200002.optparam */,
				841B67351D3E35ED00BECADF /* 101001200002.wifilist */,
				841B67361D3E35ED00BECADF /* 101001200002.wp */,
				84A1901F1CD202ED00E3F8D8 /* backgroundImage_edited.jpg */,
				84A1901D1CD1FD3200E3F8D8 /* backgroundImage.png */,
				84A1901B1CD1EEEC00E3F8D8 /* logo_title.png */,
				8478D4EE1CD1CA74005AB2C7 /* logo_icon.png */,
				8478D4EC1CC0CC5E005AB2C7 /* testMap.svg */,
				8478D4991CC0C103005AB2C7 /* main.m */,
			);
			name = "Supporting Files";
			sourceTree = "<group>";
		};
		8478D4B11CC0C103005AB2C7 /* Demo.LocationTestTests */ = {
			isa = PBXGroup;
			children = (
				8478D4B21CC0C103005AB2C7 /* Demo_LocationTestTests.m */,
				8478D4B41CC0C103005AB2C7 /* Info.plist */,
			);
			path = Demo.LocationTestTests;
			sourceTree = "<group>";
		};
		8478D4BC1CC0C103005AB2C7 /* Demo.LocationTestUITests */ = {
			isa = PBXGroup;
			children = (
				8478D4BD1CC0C103005AB2C7 /* Demo_LocationTestUITests.m */,
				8478D4BF1CC0C103005AB2C7 /* Info.plist */,
			);
			path = Demo.LocationTestUITests;
			sourceTree = "<group>";
		};
		8478D4D21CC0C14B005AB2C7 /* FrameWork */ = {
			isa = PBXGroup;
			children = (
				841B674B1D3E3EFE00BECADF /* libNexdTechLocationEngine.a */,
				8478D4DD1CC0C19D005AB2C7 /* CoreImage.framework */,
				8478D4DB1CC0C17C005AB2C7 /* libxml2.tbd */,
				8478D4D91CC0C177005AB2C7 /* QuartzCore.framework */,
				8478D4D71CC0C16F005AB2C7 /* UIKit.framework */,
				8478D4D51CC0C169005AB2C7 /* CoreText.framework */,
				8478D4D31CC0C162005AB2C7 /* CoreGraphics.framework */,
				8478D4CB1CC0C143005AB2C7 /* SVGKit.framework */,
				8478D4CC1CC0C143005AB2C7 /* CocoaLumberjack.framework */,
			);
			name = FrameWork;
			sourceTree = "<group>";
		};
/* End PBXGroup section */

/* Begin PBXNativeTarget section */
		8478D4941CC0C103005AB2C7 /* Demo.LocationTest */ = {
			isa = PBXNativeTarget;
			buildConfigurationList = 8478D4C21CC0C103005AB2C7 /* Build configuration list for PBXNativeTarget "Demo.LocationTest" */;
			buildPhases = (
				8478D4911CC0C103005AB2C7 /* Sources */,
				8478D4921CC0C103005AB2C7 /* Frameworks */,
				8478D4931CC0C103005AB2C7 /* Resources */,
				8478D4D11CC0C143005AB2C7 /* Embed Frameworks */,
			);
			buildRules = (
			);
			dependencies = (
			);
			name = Demo.LocationTest;
			productName = Demo.LocationTest;
			productReference = 8478D4951CC0C103005AB2C7 /* Demo.LocationTest.app */;
			productType = "com.apple.product-type.application";
		};
		8478D4AD1CC0C103005AB2C7 /* Demo.LocationTestTests */ = {
			isa = PBXNativeTarget;
			buildConfigurationList = 8478D4C51CC0C103005AB2C7 /* Build configuration list for PBXNativeTarget "Demo.LocationTestTests" */;
			buildPhases = (
				8478D4AA1CC0C103005AB2C7 /* Sources */,
				8478D4AB1CC0C103005AB2C7 /* Frameworks */,
				8478D4AC1CC0C103005AB2C7 /* Resources */,
			);
			buildRules = (
			);
			dependencies = (
				8478D4B01CC0C103005AB2C7 /* PBXTargetDependency */,
			);
			name = Demo.LocationTestTests;
			productName = Demo.LocationTestTests;
			productReference = 8478D4AE1CC0C103005AB2C7 /* Demo.LocationTestTests.xctest */;
			productType = "com.apple.product-type.bundle.unit-test";
		};
		8478D4B81CC0C103005AB2C7 /* Demo.LocationTestUITests */ = {
			isa = PBXNativeTarget;
			buildConfigurationList = 8478D4C81CC0C103005AB2C7 /* Build configuration list for PBXNativeTarget "Demo.LocationTestUITests" */;
			buildPhases = (
				8478D4B51CC0C103005AB2C7 /* Sources */,
				8478D4B61CC0C103005AB2C7 /* Frameworks */,
				8478D4B71CC0C103005AB2C7 /* Resources */,
			);
			buildRules = (
			);
			dependencies = (
				8478D4BB1CC0C103005AB2C7 /* PBXTargetDependency */,
			);
			name = Demo.LocationTestUITests;
			productName = Demo.LocationTestUITests;
			productReference = 8478D4B91CC0C103005AB2C7 /* Demo.LocationTestUITests.xctest */;
			productType = "com.apple.product-type.bundle.ui-testing";
		};
/* End PBXNativeTarget section */

/* Begin PBXProject section */
		8478D48D1CC0C103005AB2C7 /* Project object */ = {
			isa = PBXProject;
			attributes = {
				LastUpgradeCheck = 0720;
				ORGANIZATIONNAME = Ninespring;
				TargetAttributes = {
					8478D4941CC0C103005AB2C7 = {
						CreatedOnToolsVersion = 7.2.1;
						DevelopmentTeam = 6KFX63Q6AW;
					};
					8478D4AD1CC0C103005AB2C7 = {
						CreatedOnToolsVersion = 7.2.1;
						TestTargetID = 8478D4941CC0C103005AB2C7;
					};
					8478D4B81CC0C103005AB2C7 = {
						CreatedOnToolsVersion = 7.2.1;
						TestTargetID = 8478D4941CC0C103005AB2C7;
					};
				};
			};
			buildConfigurationList = 8478D4901CC0C103005AB2C7 /* Build configuration list for PBXProject "Demo.LocationTest" */;
			compatibilityVersion = "Xcode 3.2";
			developmentRegion = English;
			hasScannedForEncodings = 0;
			knownRegions = (
				en,
				Base,
			);
			mainGroup = 8478D48C1CC0C103005AB2C7;
			productRefGroup = 8478D4961CC0C103005AB2C7 /* Products */;
			projectDirPath = "";
			projectRoot = "";
			targets = (
				8478D4941CC0C103005AB2C7 /* Demo.LocationTest */,
				8478D4AD1CC0C103005AB2C7 /* Demo.LocationTestTests */,
				8478D4B81CC0C103005AB2C7 /* Demo.LocationTestUITests */,
			);
		};
/* End PBXProject section */

/* Begin PBXResourcesBuildPhase section */
		8478D4931CC0C103005AB2C7 /* Resources */ = {
			isa = PBXResourcesBuildPhase;
			buildActionMask = 2147483647;
			files = (
				841B67371D3E35ED00BECADF /* 101001200002.optparam in Resources */,
				84A1901A1CD1EB8200E3F8D8 /* LaunchScreen.storyboard in Resources */,
				84A1901E1CD1FD3200E3F8D8 /* backgroundImage.png in Resources */,
				841B67391D3E35ED00BECADF /* 101001200002.wp in Resources */,
				84A1901C1CD1EEEC00E3F8D8 /* logo_title.png in Resources */,
				84A190201CD202ED00E3F8D8 /* backgroundImage_edited.jpg in Resources */,
				8478D4ED1CC0CC5E005AB2C7 /* testMap.svg in Resources */,
				841B67381D3E35ED00BECADF /* 101001200002.wifilist in Resources */,
				8478D4A51CC0C103005AB2C7 /* Assets.xcassets in Resources */,
				8478D4A31CC0C103005AB2C7 /* Main.storyboard in Resources */,
				8478D4EF1CD1CA74005AB2C7 /* logo_icon.png in Resources */,
			);
			runOnlyForDeploymentPostprocessing = 0;
		};
		8478D4AC1CC0C103005AB2C7 /* Resources */ = {
			isa = PBXResourcesBuildPhase;
			buildActionMask = 2147483647;
			files = (
			);
			runOnlyForDeploymentPostprocessing = 0;
		};
		8478D4B71CC0C103005AB2C7 /* Resources */ = {
			isa = PBXResourcesBuildPhase;
			buildActionMask = 2147483647;
			files = (
			);
			runOnlyForDeploymentPostprocessing = 0;
		};
/* End PBXResourcesBuildPhase section */

/* Begin PBXSourcesBuildPhase section */
		8478D4911CC0C103005AB2C7 /* Sources */ = {
			isa = PBXSourcesBuildPhase;
			buildActionMask = 2147483647;
			files = (
				8478D4E51CC0C7E7005AB2C7 /* MapTestViewController.m in Sources */,
				8478D4E81CC0C9B3005AB2C7 /* PositionTestViewController.m in Sources */,
				8478D4A01CC0C103005AB2C7 /* ViewController.m in Sources */,
				8478D4EB1CC0CA66005AB2C7 /* BluetoothTestViewController.m in Sources */,
				8478D49D1CC0C103005AB2C7 /* AppDelegate.m in Sources */,
				841B673F1D3E374D00BECADF /* LocationController.m in Sources */,
				8478D49A1CC0C103005AB2C7 /* main.m in Sources */,
			);
			runOnlyForDeploymentPostprocessing = 0;
		};
		8478D4AA1CC0C103005AB2C7 /* Sources */ = {
			isa = PBXSourcesBuildPhase;
			buildActionMask = 2147483647;
			files = (
				8478D4B31CC0C103005AB2C7 /* Demo_LocationTestTests.m in Sources */,
			);
			runOnlyForDeploymentPostprocessing = 0;
		};
		8478D4B51CC0C103005AB2C7 /* Sources */ = {
			isa = PBXSourcesBuildPhase;
			buildActionMask = 2147483647;
			files = (
				8478D4BE1CC0C103005AB2C7 /* Demo_LocationTestUITests.m in Sources */,
			);
			runOnlyForDeploymentPostprocessing = 0;
		};
/* End PBXSourcesBuildPhase section */

/* Begin PBXTargetDependency section */
		8478D4B01CC0C103005AB2C7 /* PBXTargetDependency */ = {
			isa = PBXTargetDependency;
			target = 8478D4941CC0C103005AB2C7 /* Demo.LocationTest */;
			targetProxy = 8478D4AF1CC0C103005AB2C7 /* PBXContainerItemProxy */;
		};
		8478D4BB1CC0C103005AB2C7 /* PBXTargetDependency */ = {
			isa = PBXTargetDependency;
			target = 8478D4941CC0C103005AB2C7 /* Demo.LocationTest */;
			targetProxy = 8478D4BA1CC0C103005AB2C7 /* PBXContainerItemProxy */;
		};
/* End PBXTargetDependency section */

/* Begin PBXVariantGroup section */
		8478D4A11CC0C103005AB2C7 /* Main.storyboard */ = {
			isa = PBXVariantGroup;
			children = (
				8478D4A21CC0C103005AB2C7 /* Base */,
			);
			name = Main.storyboard;
			sourceTree = "<group>";
		};
/* End PBXVariantGroup section */

/* Begin XCBuildConfiguration section */
		8478D4C01CC0C103005AB2C7 /* Debug */ = {
			isa = XCBuildConfiguration;
			buildSettings = {
				ALWAYS_SEARCH_USER_PATHS = NO;
				CLANG_CXX_LANGUAGE_STANDARD = "gnu++0x";
				CLANG_CXX_LIBRARY = "libc++";
				CLANG_ENABLE_MODULES = YES;
				CLANG_ENABLE_OBJC_ARC = YES;
				CLANG_WARN_BOOL_CONVERSION = YES;
				CLANG_WARN_CONSTANT_CONVERSION = YES;
				CLANG_WARN_DIRECT_OBJC_ISA_USAGE = YES_ERROR;
				CLANG_WARN_EMPTY_BODY = YES;
				CLANG_WARN_ENUM_CONVERSION = YES;
				CLANG_WARN_INT_CONVERSION = YES;
				CLANG_WARN_OBJC_ROOT_CLASS = YES_ERROR;
				CLANG_WARN_UNREACHABLE_CODE = YES;
				CLANG_WARN__DUPLICATE_METHOD_MATCH = YES;
				"CODE_SIGN_IDENTITY[sdk=iphoneos*]" = "iPhone Developer";
				COPY_PHASE_STRIP = NO;
				DEBUG_INFORMATION_FORMAT = dwarf;
				ENABLE_STRICT_OBJC_MSGSEND = YES;
				ENABLE_TESTABILITY = YES;
				GCC_C_LANGUAGE_STANDARD = gnu99;
				GCC_DYNAMIC_NO_PIC = NO;
				GCC_NO_COMMON_BLOCKS = YES;
				GCC_OPTIMIZATION_LEVEL = 0;
				GCC_PREPROCESSOR_DEFINITIONS = (
					"DEBUG=1",
					"$(inherited)",
				);
				GCC_WARN_64_TO_32_BIT_CONVERSION = YES;
				GCC_WARN_ABOUT_RETURN_TYPE = YES_ERROR;
				GCC_WARN_UNDECLARED_SELECTOR = YES;
				GCC_WARN_UNINITIALIZED_AUTOS = YES_AGGRESSIVE;
				GCC_WARN_UNUSED_FUNCTION = YES;
				GCC_WARN_UNUSED_VARIABLE = YES;
				IPHONEOS_DEPLOYMENT_TARGET = 9.2;
				MTL_ENABLE_DEBUG_INFO = YES;
				ONLY_ACTIVE_ARCH = YES;
				SDKROOT = iphoneos;
			};
			name = Debug;
		};
		8478D4C11CC0C103005AB2C7 /* Release */ = {
			isa = XCBuildConfiguration;
			buildSettings = {
				ALWAYS_SEARCH_USER_PATHS = NO;
				CLANG_CXX_LANGUAGE_STANDARD = "gnu++0x";
				CLANG_CXX_LIBRARY = "libc++";
				CLANG_ENABLE_MODULES = YES;
				CLANG_ENABLE_OBJC_ARC = YES;
				CLANG_WARN_BOOL_CONVERSION = YES;
				CLANG_WARN_CONSTANT_CONVERSION = YES;
				CLANG_WARN_DIRECT_OBJC_ISA_USAGE = YES_ERROR;
				CLANG_WARN_EMPTY_BODY = YES;
				CLANG_WARN_ENUM_CONVERSION = YES;
				CLANG_WARN_INT_CONVERSION = YES;
				CLANG_WARN_OBJC_ROOT_CLASS = YES_ERROR;
				CLANG_WARN_UNREACHABLE_CODE = YES;
				CLANG_WARN__DUPLICATE_METHOD_MATCH = YES;
				"CODE_SIGN_IDENTITY[sdk=iphoneos*]" = "iPhone Developer";
				COPY_PHASE_STRIP = NO;
				DEBUG_INFORMATION_FORMAT = "dwarf-with-dsym";
				ENABLE_NS_ASSERTIONS = NO;
				ENABLE_STRICT_OBJC_MSGSEND = YES;
				GCC_C_LANGUAGE_STANDARD = gnu99;
				GCC_NO_COMMON_BLOCKS = YES;
				GCC_WARN_64_TO_32_BIT_CONVERSION = YES;
				GCC_WARN_ABOUT_RETURN_TYPE = YES_ERROR;
				GCC_WARN_UNDECLARED_SELECTOR = YES;
				GCC_WARN_UNINITIALIZED_AUTOS = YES_AGGRESSIVE;
				GCC_WARN_UNUSED_FUNCTION = YES;
				GCC_WARN_UNUSED_VARIABLE = YES;
				IPHONEOS_DEPLOYMENT_TARGET = 9.2;
				MTL_ENABLE_DEBUG_INFO = NO;
				SDKROOT = iphoneos;
				VALIDATE_PRODUCT = YES;
			};
			name = Release;
		};
		8478D4C31CC0C103005AB2C7 /* Debug */ = {
			isa = XCBuildConfiguration;
			buildSettings = {
				ASSETCATALOG_COMPILER_APPICON_NAME = AppIcon;
				CODE_SIGN_IDENTITY = "iPhone Developer";
				FRAMEWORK_SEARCH_PATHS = (
					"$(inherited)",
					"$(PROJECT_DIR)",
				);
				INFOPLIST_FILE = Demo.LocationTest/Info.plist;
				LD_RUNPATH_SEARCH_PATHS = "$(inherited) @executable_path/Frameworks";
				PRODUCT_BUNDLE_IDENTIFIER = "nexdtech.Demo-LocationTest-Trial";
				PRODUCT_NAME = "$(TARGET_NAME)";
			};
			name = Debug;
		};
		8478D4C41CC0C103005AB2C7 /* Release */ = {
			isa = XCBuildConfiguration;
			buildSettings = {
				ASSETCATALOG_COMPILER_APPICON_NAME = AppIcon;
				CODE_SIGN_IDENTITY = "iPhone Developer";
				FRAMEWORK_SEARCH_PATHS = (
					"$(inherited)",
					"$(PROJECT_DIR)",
				);
				INFOPLIST_FILE = Demo.LocationTest/Info.plist;
				LD_RUNPATH_SEARCH_PATHS = "$(inherited) @executable_path/Frameworks";
				PRODUCT_BUNDLE_IDENTIFIER = "nexdtech.Demo-LocationTest-Trial";
				PRODUCT_NAME = "$(TARGET_NAME)";
			};
			name = Release;
		};
		8478D4C61CC0C103005AB2C7 /* Debug */ = {
			isa = XCBuildConfiguration;
			buildSettings = {
				BUNDLE_LOADER = "$(TEST_HOST)";
				INFOPLIST_FILE = Demo.LocationTestTests/Info.plist;
				LD_RUNPATH_SEARCH_PATHS = "$(inherited) @executable_path/Frameworks @loader_path/Frameworks";
				PRODUCT_BUNDLE_IDENTIFIER = "nexdtech.Demo-LocationTestTests";
				PRODUCT_NAME = "$(TARGET_NAME)";
				TEST_HOST = "$(BUILT_PRODUCTS_DIR)/Demo.LocationTest.app/Demo.LocationTest";
			};
			name = Debug;
		};
		8478D4C71CC0C103005AB2C7 /* Release */ = {
			isa = XCBuildConfiguration;
			buildSettings = {
				BUNDLE_LOADER = "$(TEST_HOST)";
				INFOPLIST_FILE = Demo.LocationTestTests/Info.plist;
				LD_RUNPATH_SEARCH_PATHS = "$(inherited) @executable_path/Frameworks @loader_path/Frameworks";
				PRODUCT_BUNDLE_IDENTIFIER = "nexdtech.Demo-LocationTestTests";
				PRODUCT_NAME = "$(TARGET_NAME)";
				TEST_HOST = "$(BUILT_PRODUCTS_DIR)/Demo.LocationTest.app/Demo.LocationTest";
			};
			name = Release;
		};
		8478D4C91CC0C103005AB2C7 /* Debug */ = {
			isa = XCBuildConfiguration;
			buildSettings = {
				INFOPLIST_FILE = Demo.LocationTestUITests/Info.plist;
				LD_RUNPATH_SEARCH_PATHS = "$(inherited) @executable_path/Frameworks @loader_path/Frameworks";
				PRODUCT_BUNDLE_IDENTIFIER = "nexdtech.Demo-LocationTestUITests";
				PRODUCT_NAME = "$(TARGET_NAME)";
				TEST_TARGET_NAME = Demo.LocationTest;
				USES_XCTRUNNER = YES;
			};
			name = Debug;
		};
		8478D4CA1CC0C103005AB2C7 /* Release */ = {
			isa = XCBuildConfiguration;
			buildSettings = {
				INFOPLIST_FILE = Demo.LocationTestUITests/Info.plist;
				LD_RUNPATH_SEARCH_PATHS = "$(inherited) @executable_path/Frameworks @loader_path/Frameworks";
				PRODUCT_BUNDLE_IDENTIFIER = "nexdtech.Demo-LocationTestUITests";
				PRODUCT_NAME = "$(TARGET_NAME)";
				TEST_TARGET_NAME = Demo.LocationTest;
				USES_XCTRUNNER = YES;
			};
			name = Release;
		};
/* End XCBuildConfiguration section */

/* Begin XCConfigurationList section */
		8478D4901CC0C103005AB2C7 /* Build configuration list for PBXProject "Demo.LocationTest" */ = {
			isa = XCConfigurationList;
			buildConfigurations = (
				8478D4C01CC0C103005AB2C7 /* Debug */,
				8478D4C11CC0C103005AB2C7 /* Release */,
			);
			defaultConfigurationIsVisible = 0;
			defaultConfigurationName = Release;
		};
		8478D4C21CC0C103005AB2C7 /* Build configuration list for PBXNativeTarget "Demo.LocationTest" */ = {
			isa = XCConfigurationList;
			buildConfigurations = (
				8478D4C31CC0C103005AB2C7 /* Debug */,
				8478D4C41CC0C103005AB2C7 /* Release */,
			);
			defaultConfigurationIsVisible = 0;
			defaultConfigurationName = Release;
		};
		8478D4C51CC0C103005AB2C7 /* Build configuration list for PBXNativeTarget "Demo.LocationTestTests" */ = {
			isa = XCConfigurationList;
			buildConfigurations = (
				8478D4C61CC0C103005AB2C7 /* Debug */,
				8478D4C71CC0C103005AB2C7 /* Release */,
			);
			defaultConfigurationIsVisible = 0;
			defaultConfigurationName = Release;
		};
		8478D4C81CC0C103005AB2C7 /* Build configuration list for PBXNativeTarget "Demo.LocationTestUITests" */ = {
			isa = XCConfigurationList;
			buildConfigurations = (
				8478D4C91CC0C103005AB2C7 /* Debug */,
				8478D4CA1CC0C103005AB2C7 /* Release */,
			);
			defaultConfigurationIsVisible = 0;
			defaultConfigurationName = Release;
		};
/* End XCConfigurationList section */
	};
	rootObject = 8478D48D1CC0C103005AB2C7 /* Project object */;
}
